
Microsoft Visual Studio Solution File, Format Version 12.00
# Visual Studio 15
VisualStudioVersion = 15.0.28307.438
MinimumVisualStudioVersion = 10.0.40219.1
Project("{FAE04EC0-301F-11D3-BF4B-00C04F79EFBC}") = "ClientProxy-P4-091_form", "ClientProxy-P4-091_form\ClientProxy-P4-091_form.csproj", "{801B16BC-451D-4612-B5D4-D9C1AC3F6365}"
EndProject
Global
	GlobalSection(SolutionConfigurationPlatforms) = preSolution
		Debug|Any CPU = Debug|Any CPU
		Release|Any CPU = Release|Any CPU
	EndGlobalSection
	GlobalSection(ProjectConfigurationPlatforms) = postSolution
		{801B16BC-451D-4612-B5D4-D9C1AC3F6365}.Debug|Any CPU.ActiveCfg = Debug|Any CPU
		{801B16BC-451D-4612-B5D4-D9C1AC3F6365}.Debug|Any CPU.Build.0 = Debug|Any CPU
		{801B16BC-451D-4612-B5D4-D9C1AC3F6365}.Release|Any CPU.ActiveCfg = Release|Any CPU
		{801B16BC-451D-4612-B5D4-D9C1AC3F6365}.Release|Any CPU.Build.0 = Release|Any CPU
	EndGlobalSection
	GlobalSection(SolutionProperties) = preSolution
		HideSolutionNode = FALSE
	EndGlobalSection
	GlobalSection(ExtensibilityGlobals) = postSolution
		SolutionGuid = {323B99A7-3A57-4DB9-A93F-C4CFE0A41290}
	EndGlobalSection
EndGlobal
